
Microsoft Visual Studio Solution File, Format Version 12.00
# Visual Studio Version 16
VisualStudioVersion = 16.0.30104.148
MinimumVisualStudioVersion = 10.0.40219.1
Project("{FAE04EC0-301F-11D3-BF4B-00C04F79EFBC}") = "Eggs Skills", "Eggs Skills\Eggs Skills.csproj", "{1EC1A94B-CE38-40AA-B81B-E0306498181B}"
EndProject
Global
	GlobalSection(SolutionConfigurationPlatforms) = preSolution
		Debug|Any CPU = Debug|Any CPU
		Release|Any CPU = Release|Any CPU
	EndGlobalSection
	GlobalSection(ProjectConfigurationPlatforms) = postSolution
		{1EC1A94B-CE38-40AA-B81B-E0306498181B}.Debug|Any CPU.ActiveCfg = Debug|Any CPU
		{1EC1A94B-CE38-40AA-B81B-E0306498181B}.Debug|Any CPU.Build.0 = Debug|Any CPU
		{1EC1A94B-CE38-40AA-B81B-E0306498181B}.Release|Any CPU.ActiveCfg = Release|Any CPU
		{1EC1A94B-CE38-40AA-B81B-E0306498181B}.Release|Any CPU.Build.0 = Release|Any CPU
	EndGlobalSection
	GlobalSection(SolutionProperties) = preSolution
		HideSolutionNode = FALSE
	EndGlobalSection
	GlobalSection(ExtensibilityGlobals) = postSolution
		SolutionGuid = {ED15515A-4D32-4AB2-9827-5773F0B735C7}
	EndGlobalSection
EndGlobal
